
Microsoft Visual Studio Solution File, Format Version 12.00
# Visual Studio Version 16
VisualStudioVersion = 16.0.29709.97
MinimumVisualStudioVersion = 10.0.40219.1
Project("{FAE04EC0-301F-11D3-BF4B-00C04F79EFBC}") = "scorebord_leden", "scorebord_leden.csproj", "{FD7E77A8-7879-46A0-AB1B-38FD4BCE5CDB}"
EndProject
Global
	GlobalSection(SolutionConfigurationPlatforms) = preSolution
		Debug|Any CPU = Debug|Any CPU
		Release|Any CPU = Release|Any CPU
	EndGlobalSection
	GlobalSection(ProjectConfigurationPlatforms) = postSolution
		{FD7E77A8-7879-46A0-AB1B-38FD4BCE5CDB}.Debug|Any CPU.ActiveCfg = Debug|Any CPU
		{FD7E77A8-7879-46A0-AB1B-38FD4BCE5CDB}.Debug|Any CPU.Build.0 = Debug|Any CPU
		{FD7E77A8-7879-46A0-AB1B-38FD4BCE5CDB}.Release|Any CPU.ActiveCfg = Release|Any CPU
		{FD7E77A8-7879-46A0-AB1B-38FD4BCE5CDB}.Release|Any CPU.Build.0 = Release|Any CPU
	EndGlobalSection
	GlobalSection(SolutionProperties) = preSolution
		HideSolutionNode = FALSE
	EndGlobalSection
	GlobalSection(ExtensibilityGlobals) = postSolution
		SolutionGuid = {3673CC42-FB78-47F2-AC33-FA4266964B5B}
	EndGlobalSection
EndGlobal
